
Microsoft Visual Studio Solution File, Format Version 12.00
# Visual Studio Version 16
VisualStudioVersion = 16.0.29503.13
MinimumVisualStudioVersion = 10.0.40219.1
Project("{FAE04EC0-301F-11D3-BF4B-00C04F79EFBC}") = "camp.aign", "camp.aign\camp.aign.csproj", "{EBA5A632-E42A-4945-8320-A06E229232AD}"
EndProject
Global
	GlobalSection(SolutionConfigurationPlatforms) = preSolution
		Debug|Any CPU = Debug|Any CPU
		Release|Any CPU = Release|Any CPU
	EndGlobalSection
	GlobalSection(ProjectConfigurationPlatforms) = postSolution
		{EBA5A632-E42A-4945-8320-A06E229232AD}.Debug|Any CPU.ActiveCfg = Debug|Any CPU
		{EBA5A632-E42A-4945-8320-A06E229232AD}.Debug|Any CPU.Build.0 = Debug|Any CPU
		{EBA5A632-E42A-4945-8320-A06E229232AD}.Release|Any CPU.ActiveCfg = Release|Any CPU
		{EBA5A632-E42A-4945-8320-A06E229232AD}.Release|Any CPU.Build.0 = Release|Any CPU
	EndGlobalSection
	GlobalSection(SolutionProperties) = preSolution
		HideSolutionNode = FALSE
	EndGlobalSection
	GlobalSection(ExtensibilityGlobals) = postSolution
		SolutionGuid = {E5A737C8-A98E-4792-9573-8FFE40E5B6FE}
	EndGlobalSection
EndGlobal
